github.com/qiniu/dyn v0.0.0-20190906045710-c4ab5e0a4412 h1:g/TRXnoT0y1zElIkBvrbwudjyn8LgbDNgJWCQ6eOJA0=
github.com/qiniu/dyn v0.0.0-20190906045710-c4ab5e0a4412/go.mod h1:zjv6PkMIiScGjPmV1wZHy8P3nMniAUY8o95L0xfpxHc=
github.com/qiniu/http v0.0.0-20190911025033-f60c5b6a6abd h1:wDzgfObAnpbn5QRNc9EyNC24+yqJWGWvaLxGrJyKr9g=
github.com/qiniu/http v0.0.0-20190911025033-f60c5b6a6abd/go.mod h1:0e8M0FAKi/jlANPO0T9VhKUVqi6b9p7DNASCWUTB+eA=
github.com/qiniu/http v0.0.0-20190911033104-b9a04ed379a2 h1:9/WaL24SFgMF/FBNdzzf4Sn5Za/M0pl/jK9YHEkY/g4=
github.com/qiniu/http v0.0.0-20190911033104-b9a04ed379a2/go.mod h1:0e8M0FAKi/jlANPO0T9VhKUVqi6b9p7DNASCWUTB+eA=
github.com/qiniu/http v1.0.1 h1:kXrMr5PvnCmM/VBrANY6sCZC7rTPQ/7LO4ov6gAnzDo=
github.com/qiniu/http v1.0.1/go.mod h1:0e8M0FAKi/jlANPO0T9VhKUVqi6b9p7DNASCWUTB+eA=
github.com/qiniu/http v1.0.2 h1:h1EHuwoAB7Xd+mZoBxG+l5nIh/gRIuOdcQIRkWreyO8=
github.com/qiniu/http v1.0.2/go.mod h1:0e8M0FAKi/jlANPO0T9VhKUVqi6b9p7DNASCWUTB+eA=
github.com/qiniu/httptest v1.0.0 h1:TNyflFOmPb/+79PtpqYq0an5hvT31WCQeGLz7Y5Jy2A=
github.com/qiniu/httptest v1.0.0/go.mod h1:y3D03TAt5pTsIBK2Wn9RDR0ZxnH70taCqJUb48ZDSeM=
github.com/qiniu/qiniutest v1.0.0 h1:Rj7zabSdTcUcLPI50ge87MtD7+GYlEoDzYfJdMwq32U=
github.com/qiniu/qiniutest v1.0.0/go.mod h1:/CufYQ3D0gnsJ6ng0BrQ9l2islrezMx5ERKjSRZHMeU=
github.com/qiniu/x v8.0.0+incompatible h1:5KRlM4br8QjRrvQq8iZpu8V86tyP2ociSqbSVvAGz7E=
github.com/qiniu/x v8.0.0+incompatible/go.mod h1:KpRKWYG/GaidPQVpoQ2Cvuvtts3gYnoo2PftgdmAiU4=
gopkg.in/mgo.v2 v2.0.0-20190816093944-a6b53ec6cb22 h1:VpOs+IwYnYBaFnrNAeB8UUWtL3vEUnzSCL1nVjPhqrw=
gopkg.in/mgo.v2 v2.0.0-20190816093944-a6b53ec6cb22/go.mod h1:yeKp02qBN3iKW1OzL3MGk2IdtZzaj7SFntXj72NppTA=
